DEPENDENCIES
  build-essential
  oracle-instantclient
    path: .
    metadata: true
  yum (>= 3.0.4)

GRAPH
  build-essential (2.0.4)
  chef-sugar (2.0.0)
  chef_handler (1.1.6)
  iis (2.1.2)
    windows (>= 1.2.6)
  mysql (5.3.6)
    yum-mysql-community (>= 0.0.0)
  oracle-instantclient (1.0.5)
    php (>= 0.0.0)
  php (1.4.6)
    build-essential (>= 0.0.0)
    iis (>= 0.0.0)
    mysql (>= 0.0.0)
    windows (>= 0.0.0)
    xml (>= 0.0.0)
    yum-epel (>= 0.0.0)
  windows (1.33.1)
    chef_handler (>= 0.0.0)
  xml (1.2.6)
    build-essential (>= 0.0.0)
    chef-sugar (>= 0.0.0)
  yum (3.2.0)
  yum-epel (0.3.6)
    yum (~> 3.0)
  yum-mysql-community (0.1.10)
    yum (>= 3.0)
